
Microsoft Visual Studio Solution File, Format Version 12.00
# Visual Studio Version 17
VisualStudioVersion = 17.11.35312.102
MinimumVisualStudioVersion = 10.0.40219.1
Project("{FAE04EC0-301F-11D3-BF4B-00C04F79EFBC}") = "IDsas.Server", "IDsas.Server\IDsas.Server.csproj", "{59B24346-0463-448E-B8DE-350B9422F601}"
EndProject
Project("{54A90642-561A-4BB1-A94E-469ADEE60C69}") = "idsas.client", "idsas.client\idsas.client.esproj", "{37D00A51-14DF-4CE1-9D21-E393CCE85617}"
EndProject
Global
	GlobalSection(SolutionConfigurationPlatforms) = preSolution
		Debug|Any CPU = Debug|Any CPU
		Release|Any CPU = Release|Any CPU
	EndGlobalSection
	GlobalSection(ProjectConfigurationPlatforms) = postSolution
		{59B24346-0463-448E-B8DE-350B9422F601}.Debug|Any CPU.ActiveCfg = Debug|Any CPU
		{59B24346-0463-448E-B8DE-350B9422F601}.Debug|Any CPU.Build.0 = Debug|Any CPU
		{59B24346-0463-448E-B8DE-350B9422F601}.Release|Any CPU.ActiveCfg = Release|Any CPU
		{59B24346-0463-448E-B8DE-350B9422F601}.Release|Any CPU.Build.0 = Release|Any CPU
		{37D00A51-14DF-4CE1-9D21-E393CCE85617}.Debug|Any CPU.ActiveCfg = Debug|Any CPU
		{37D00A51-14DF-4CE1-9D21-E393CCE85617}.Debug|Any CPU.Build.0 = Debug|Any CPU
		{37D00A51-14DF-4CE1-9D21-E393CCE85617}.Debug|Any CPU.Deploy.0 = Debug|Any CPU
		{37D00A51-14DF-4CE1-9D21-E393CCE85617}.Release|Any CPU.ActiveCfg = Release|Any CPU
		{37D00A51-14DF-4CE1-9D21-E393CCE85617}.Release|Any CPU.Build.0 = Release|Any CPU
		{37D00A51-14DF-4CE1-9D21-E393CCE85617}.Release|Any CPU.Deploy.0 = Release|Any CPU
	EndGlobalSection
	GlobalSection(SolutionProperties) = preSolution
		HideSolutionNode = FALSE
	EndGlobalSection
	GlobalSection(ExtensibilityGlobals) = postSolution
		SolutionGuid = {C1A2C5AC-CD62-4921-AF03-96779E8993DC}
	EndGlobalSection
EndGlobal
